
Microsoft Visual Studio Solution File, Format Version 12.00
# Visual Studio Version 17
VisualStudioVersion = 17.7.34031.279
MinimumVisualStudioVersion = 10.0.40219.1
Project("{FAE04EC0-301F-11D3-BF4B-00C04F79EFBC}") = "Ya nesu Tortik", "Ya nesu Tortik\Ya nesu Tortik.csproj", "{AAAFB811-37AC-4C6D-BBBD-1752EEF8A420}"
EndProject
Global
	GlobalSection(SolutionConfigurationPlatforms) = preSolution
		Debug|Any CPU = Debug|Any CPU
		Release|Any CPU = Release|Any CPU
	EndGlobalSection
	GlobalSection(ProjectConfigurationPlatforms) = postSolution
		{AAAFB811-37AC-4C6D-BBBD-1752EEF8A420}.Debug|Any CPU.ActiveCfg = Debug|Any CPU
		{AAAFB811-37AC-4C6D-BBBD-1752EEF8A420}.Debug|Any CPU.Build.0 = Debug|Any CPU
		{AAAFB811-37AC-4C6D-BBBD-1752EEF8A420}.Release|Any CPU.ActiveCfg = Release|Any CPU
		{AAAFB811-37AC-4C6D-BBBD-1752EEF8A420}.Release|Any CPU.Build.0 = Release|Any CPU
	EndGlobalSection
	GlobalSection(SolutionProperties) = preSolution
		HideSolutionNode = FALSE
	EndGlobalSection
	GlobalSection(ExtensibilityGlobals) = postSolution
		SolutionGuid = {DCC9F109-E1BB-4D80-89E2-961512EBD1FC}
	EndGlobalSection
EndGlobal
